{
  "name": "capture",
  "version": "1.0.0",
  "lockfileVersion": 1,
  "requires": true,
  "dependencies": {
    "mescroll.js": {
      "version": "1.3.5",
      "resolved": "https://registry.npmjs.org/mescroll.js/-/mescroll.js-1.3.5.tgz",
      "integrity": "sha512-a7hG91U15J2BXvxualPDuzsZXRr32iFwxvbrGseIp13aAj8EDTSWA2q6QVkaGJkXDYfr30k/kouXMdNO8lFL6w=="
    }
  }
}
